// !$*UTF8*$!
{
	archiveVersion = 1;
	classes = {
	};
	objectVersion = 46;
	objects = {

/* Begin PBXBuildFile section */
		9EC7FB1F1D8DE9210002F81D /* AppDelegate.swift in Sources */ = {isa = PBXBuildFile; fileRef = 9EC7FB1E1D8DE9210002F81D /* AppDelegate.swift */; };
		9EC7FB211D8DE9210002F81D /* ViewController.swift in Sources */ = {isa = PBXBuildFile; fileRef = 9EC7FB201D8DE9210002F81D /* ViewController.swift */; };
		9EC7FB241D8DE9210002F81D /* Main.storyboard in Resources */ = {isa = PBXBuildFile; fileRef = 9EC7FB221D8DE9210002F81D /* Main.storyboard */; };
		9EC7FB261D8DE9210002F81D /* Assets.xcassets in Resources */ = {isa = PBXBuildFile; fileRef = 9EC7FB251D8DE9210002F81D /* Assets.xcassets */; };
		9EC7FB291D8DE9210002F81D /* LaunchScreen.storyboard in Resources */ = {isa = PBXBuildFile; fileRef = 9EC7FB271D8DE9210002F81D /* LaunchScreen.storyboard */; };
		D4570ED154ECCE9D13B04C6B /* Pods_Example.framework in Frameworks */ = {isa = PBXBuildFile; fileRef = 4D89715D28CE9984B12FC12C /* Pods_Example.framework */; };
/* End PBXBuildFile section */

/* Begin PBXFileReference section */
		4D89715D28CE9984B12FC12C /* Pods_Example.framework */ = {isa = PBXFileReference; explicitFileType = wrapper.framework; includeInIndex = 0; path = Pods_Example.framework; sourceTree = BUILT_PRODUCTS_DIR; };
		8C63CA56714C25DD6D433A32 /* Pods-Example.debug.xcconfig */ = {isa = PBXFileReference; includeInIndex = 1; lastKnownFileType = text.xcconfig; name = "Pods-Example.debug.xcconfig"; path = "Pods/Target Support Files/Pods-Example/Pods-Example.debug.xcconfig"; sourceTree = "<group>"; };
		9EC7FB1B1D8DE9210002F81D /* Example.app */ = {isa = PBXFileReference; explicitFileType = wrapper.application; includeInIndex = 0; path = Example.app; sourceTree = BUILT_PRODUCTS_DIR; };
		9EC7FB1E1D8DE9210002F81D /* AppDelegate.swift */ = {isa = PBXFileReference; lastKnownFileType = sourcecode.swift; path = AppDelegate.swift; sourceTree = "<group>"; };
		9EC7FB201D8DE9210002F81D /* ViewController.swift */ = {isa = PBXFileReference; lastKnownFileType = sourcecode.swift; path = ViewController.swift; sourceTree = "<group>"; };
		9EC7FB231D8DE9210002F81D /* Base */ = {isa = PBXFileReference; lastKnownFileType = file.storyboard; name = Base; path = Base.lproj/Main.storyboard; sourceTree = "<group>"; };
		9EC7FB251D8DE9210002F81D /* Assets.xcassets */ = {isa = PBXFileReference; lastKnownFileType = folder.assetcatalog; path = Assets.xcassets; sourceTree = "<group>"; };
		9EC7FB281D8DE9210002F81D /* Base */ = {isa = PBXFileReference; lastKnownFileType = file.storyboard; name = Base; path = Base.lproj/LaunchScreen.storyboard; sourceTree = "<group>"; };
		9EC7FB2A1D8DE9210002F81D /* Info.plist */ = {isa = PBXFileReference; lastKnownFileType = text.plist.xml; path = Info.plist; sourceTree = "<group>"; };
		FFF75523F289A286FBB99688 /* Pods-Example.release.xcconfig */ = {isa = PBXFileReference; includeInIndex = 1; lastKnownFileType = text.xcconfig; name = "Pods-Example.release.xcconfig"; path = "Pods/Target Support Files/Pods-Example/Pods-Example.release.xcconfig"; sourceTree = "<group>"; };
/* End PBXFileReference section */

/* Begin PBXFrameworksBuildPhase section */
		9EC7FB181D8DE9210002F81D /* Frameworks */ = {
			isa = PBXFrameworksBuildPhase;
			buildActionMask = 2147483647;
			files = (
				D4570ED154ECCE9D13B04C6B /* Pods_Example.framework in Frameworks */,
			);
			runOnlyForDeploymentPostprocessing = 0;
		};
/* End PBXFrameworksBuildPhase section */

/* Begin PBXGroup section */
		4685E0371FA0FFFD63F88C1C /* Pods */ = {
			isa = PBXGroup;
			children = (
				8C63CA56714C25DD6D433A32 /* Pods-Example.debug.xcconfig */,
				FFF75523F289A286FBB99688 /* Pods-Example.release.xcconfig */,
			);
			name = Pods;
			sourceTree = "<group>";
		};
		9EC7FB121D8DE9210002F81D = {
			isa = PBXGroup;
			children = (
				9EC7FB1D1D8DE9210002F81D /* Example */,
				9EC7FB1C1D8DE9210002F81D /* Products */,
				4685E0371FA0FFFD63F88C1C /* Pods */,
				D2BF54D349797AED55A2F9AF /* Frameworks */,
			);
			sourceTree = "<group>";
		};
		9EC7FB1C1D8DE9210002F81D /* Products */ = {
			isa = PBXGroup;
			children = (
				9EC7FB1B1D8DE9210002F81D /* Example.app */,
			);
			name = Products;
			sourceTree = "<group>";
		};
		9EC7FB1D1D8DE9210002F81D /* Example */ = {
			isa = PBXGroup;
			children = (
				9EC7FB1E1D8DE9210002F81D /* AppDelegate.swift */,
				9EC7FB201D8DE9210002F81D /* ViewController.swift */,
				9EC7FB221D8DE9210002F81D /* Main.storyboard */,
				9EC7FB251D8DE9210002F81D /* Assets.xcassets */,
				9EC7FB271D8DE9210002F81D /* LaunchScreen.storyboard */,
				9EC7FB2A1D8DE9210002F81D /* Info.plist */,
			);
			path = Example;
			sourceTree = "<group>";
		};
		D2BF54D349797AED55A2F9AF /* Frameworks */ = {
			isa = PBXGroup;
			children = (
				4D89715D28CE9984B12FC12C /* Pods_Example.framework */,
			);
			name = Frameworks;
			sourceTree = "<group>";
		};
/* End PBXGroup section */

/* Begin PBXNativeTarget section */
		9EC7FB1A1D8DE9210002F81D /* Example */ = {
			isa = PBXNativeTarget;
			buildConfigurationList = 9EC7FB2D1D8DE9210002F81D /* Build configuration list for PBXNativeTarget "Example" */;
			buildPhases = (
				356A59D3635BC9F5BF951284 /* [CP] Check Pods Manifest.lock */,
				9EC7FB171D8DE9210002F81D /* Sources */,
				9EC7FB181D8DE9210002F81D /* Frameworks */,
				9EC7FB191D8DE9210002F81D /* Resources */,
				300E8EF691FD101332B66428 /* [CP] Embed Pods Frameworks */,
				6BADC5DB59354FF90A6F7933 /* [CP] Copy Pods Resources */,
			);
			buildRules = (
			);
			dependencies = (
			);
			name = Example;
			productName = Example;
			productReference = 9EC7FB1B1D8DE9210002F81D /* Example.app */;
			productType = "com.apple.product-type.application";
		};
/* End PBXNativeTarget section */

/* Begin PBXProject section */
		9EC7FB131D8DE9210002F81D /* Project object */ = {
			isa = PBXProject;
			attributes = {
				LastSwiftUpdateCheck = 0800;
				LastUpgradeCheck = 0800;
				ORGANIZATIONNAME = Lova;
				TargetAttributes = {
					9EC7FB1A1D8DE9210002F81D = {
						CreatedOnToolsVersion = 8.0;
						DevelopmentTeam = 7T6Y9LETK9;
						ProvisioningStyle = Automatic;
					};
				};
			};
			buildConfigurationList = 9EC7FB161D8DE9210002F81D /* Build configuration list for PBXProject "Example" */;
			compatibilityVersion = "Xcode 3.2";
			developmentRegion = English;
			hasScannedForEncodings = 0;
			knownRegions = (
				en,
				Base,
			);
			mainGroup = 9EC7FB121D8DE9210002F81D;
			productRefGroup = 9EC7FB1C1D8DE9210002F81D /* Products */;
			projectDirPath = "";
			projectRoot = "";
			targets = (
				9EC7FB1A1D8DE9210002F81D /* Example */,
			);
		};
/* End PBXProject section */

/* Begin PBXResourcesBuildPhase section */
		9EC7FB191D8DE9210002F81D /* Resources */ = {
			isa = PBXResourcesBuildPhase;
			buildActionMask = 2147483647;
			files = (
				9EC7FB291D8DE9210002F81D /* LaunchScreen.storyboard in Resources */,
				9EC7FB261D8DE9210002F81D /* Assets.xcassets in Resources */,
				9EC7FB241D8DE9210002F81D /* Main.storyboard in Resources */,
			);
			runOnlyForDeploymentPostprocessing = 0;
		};
/* End PBXResourcesBuildPhase section */

/* Begin PBXShellScriptBuildPhase section */
		300E8EF691FD101332B66428 /* [CP] Embed Pods Frameworks */ = {
			isa = PBXShellScriptBuildPhase;
			buildActionMask = 2147483647;
			files = (
			);
			inputPaths = (
			);
			name = "[CP] Embed Pods Frameworks";
			outputPaths = (
			);
			runOnlyForDeploymentPostprocessing = 0;
			shellPath = /bin/sh;
			shellScript = "\"${SRCROOT}/Pods/Target Support Files/Pods-Example/Pods-Example-frameworks.sh\"\n";
			showEnvVarsInLog = 0;
		};
		356A59D3635BC9F5BF951284 /* [CP] Check Pods Manifest.lock */ = {
			isa = PBXShellScriptBuildPhase;
			buildActionMask = 2147483647;
			files = (
			);
			inputPaths = (
			);
			name = "[CP] Check Pods Manifest.lock";
			outputPaths = (
			);
			runOnlyForDeploymentPostprocessing = 0;
			shellPath = /bin/sh;
			shellScript = "diff \"${PODS_ROOT}/../Podfile.lock\" \"${PODS_ROOT}/Manifest.lock\" > /dev/null\nif [ $? != 0 ] ; then\n    # print error to STDERR\n    echo \"error: The sandbox is not in sync with the Podfile.lock. Run 'pod install' or update your CocoaPods installation.\" >&2\n    exit 1\nfi\n";
			showEnvVarsInLog = 0;
		};
		6BADC5DB59354FF90A6F7933 /* [CP] Copy Pods Resources */ = {
			isa = PBXShellScriptBuildPhase;
			buildActionMask = 2147483647;
			files = (
			);
			inputPaths = (
			);
			name = "[CP] Copy Pods Resources";
			outputPaths = (
			);
			runOnlyForDeploymentPostprocessing = 0;
			shellPath = /bin/sh;
			shellScript = "\"${SRCROOT}/Pods/Target Support Files/Pods-Example/Pods-Example-resources.sh\"\n";
			showEnvVarsInLog = 0;
		};
/* End PBXShellScriptBuildPhase section */

/* Begin PBXSourcesBuildPhase section */
		9EC7FB171D8DE9210002F81D /* Sources */ = {
			isa = PBXSourcesBuildPhase;
			buildActionMask = 2147483647;
			files = (
				9EC7FB211D8DE9210002F81D /* ViewController.swift in Sources */,
				9EC7FB1F1D8DE9210002F81D /* AppDelegate.swift in Sources */,
			);
			runOnlyForDeploymentPostprocessing = 0;
		};
/* End PBXSourcesBuildPhase section */

/* Begin PBXVariantGroup section */
		9EC7FB221D8DE9210002F81D /* Main.storyboard */ = {
			isa = PBXVariantGroup;
			children = (
				9EC7FB231D8DE9210002F81D /* Base */,
			);
			name = Main.storyboard;
			sourceTree = "<group>";
		};
		9EC7FB271D8DE9210002F81D /* LaunchScreen.storyboard */ = {
			isa = PBXVariantGroup;
			children = (
				9EC7FB281D8DE9210002F81D /* Base */,
			);
			name = LaunchScreen.storyboard;
			sourceTree = "<group>";
		};
/* End PBXVariantGroup section */

/* Begin XCBuildConfiguration section */
		9EC7FB2B1D8DE9210002F81D /* Debug */ = {
			isa = XCBuildConfiguration;
			buildSettings = {
				ALWAYS_SEARCH_USER_PATHS = NO;
				CLANG_ANALYZER_NONNULL = YES;
				CLANG_CXX_LANGUAGE_STANDARD = "gnu++0x";
				CLANG_CXX_LIBRARY = "libc++";
				CLANG_ENABLE_MODULES = YES;
				CLANG_ENABLE_OBJC_ARC = YES;
				CLANG_WARN_BOOL_CONVERSION = YES;
				CLANG_WARN_CONSTANT_CONVERSION = YES;
				CLANG_WARN_DIRECT_OBJC_ISA_USAGE = YES_ERROR;
				CLANG_WARN_DOCUMENTATION_COMMENTS = YES;
				CLANG_WARN_EMPTY_BODY = YES;
				CLANG_WARN_ENUM_CONVERSION = YES;
				CLANG_WARN_INFINITE_RECURSION = YES;
				CLANG_WARN_INT_CONVERSION = YES;
				CLANG_WARN_OBJC_ROOT_CLASS = YES_ERROR;
				CLANG_WARN_SUSPICIOUS_MOVES = YES;
				CLANG_WARN_UNREACHABLE_CODE = YES;
				CLANG_WARN__DUPLICATE_METHOD_MATCH = YES;
				"CODE_SIGN_IDENTITY[sdk=iphoneos*]" = "iPhone Developer";
				COPY_PHASE_STRIP = NO;
				DEBUG_INFORMATION_FORMAT = dwarf;
				ENABLE_STRICT_OBJC_MSGSEND = YES;
				ENABLE_TESTABILITY = YES;
				GCC_C_LANGUAGE_STANDARD = gnu99;
				GCC_DYNAMIC_NO_PIC = NO;
				GCC_NO_COMMON_BLOCKS = YES;
				GCC_OPTIMIZATION_LEVEL = 0;
				GCC_PREPROCESSOR_DEFINITIONS = (
					"DEBUG=1",
					"$(inherited)",
				);
				GCC_WARN_64_TO_32_BIT_CONVERSION = YES;
				GCC_WARN_ABOUT_RETURN_TYPE = YES_ERROR;
				GCC_WARN_UNDECLARED_SELECTOR = YES;
				GCC_WARN_UNINITIALIZED_AUTOS = YES_AGGRESSIVE;
				GCC_WARN_UNUSED_FUNCTION = YES;
				GCC_WARN_UNUSED_VARIABLE = YES;
				IPHONEOS_DEPLOYMENT_TARGET = 10.0;
				MTL_ENABLE_DEBUG_INFO = YES;
				ONLY_ACTIVE_ARCH = YES;
				SDKROOT = iphoneos;
				SWIFT_ACTIVE_COMPILATION_CONDITIONS = DEBUG;
				SWIFT_OPTIMIZATION_LEVEL = "-Onone";
			};
			name = Debug;
		};
		9EC7FB2C1D8DE9210002F81D /* Release */ = {
			isa = XCBuildConfiguration;
			buildSettings = {
				ALWAYS_SEARCH_USER_PATHS = NO;
				CLANG_ANALYZER_NONNULL = YES;
				CLANG_CXX_LANGUAGE_STANDARD = "gnu++0x";
				CLANG_CXX_LIBRARY = "libc++";
				CLANG_ENABLE_MODULES = YES;
				CLANG_ENABLE_OBJC_ARC = YES;
				CLANG_WARN_BOOL_CONVERSION = YES;
				CLANG_WARN_CONSTANT_CONVERSION = YES;
				CLANG_WARN_DIRECT_OBJC_ISA_USAGE = YES_ERROR;
				CLANG_WARN_DOCUMENTATION_COMMENTS = YES;
				CLANG_WARN_EMPTY_BODY = YES;
				CLANG_WARN_ENUM_CONVERSION = YES;
				CLANG_WARN_INFINITE_RECURSION = YES;
				CLANG_WARN_INT_CONVERSION = YES;
				CLANG_WARN_OBJC_ROOT_CLASS = YES_ERROR;
				CLANG_WARN_SUSPICIOUS_MOVES = YES;
				CLANG_WARN_UNREACHABLE_CODE = YES;
				CLANG_WARN__DUPLICATE_METHOD_MATCH = YES;
				"CODE_SIGN_IDENTITY[sdk=iphoneos*]" = "iPhone Developer";
				COPY_PHASE_STRIP = NO;
				DEBUG_INFORMATION_FORMAT = "dwarf-with-dsym";
				ENABLE_NS_ASSERTIONS = NO;
				ENABLE_STRICT_OBJC_MSGSEND = YES;
				GCC_C_LANGUAGE_STANDARD = gnu99;
				GCC_NO_COMMON_BLOCKS = YES;
				GCC_WARN_64_TO_32_BIT_CONVERSION = YES;
				GCC_WARN_ABOUT_RETURN_TYPE = YES_ERROR;
				GCC_WARN_UNDECLARED_SELECTOR = YES;
				GCC_WARN_UNINITIALIZED_AUTOS = YES_AGGRESSIVE;
				GCC_WARN_UNUSED_FUNCTION = YES;
				GCC_WARN_UNUSED_VARIABLE = YES;
				IPHONEOS_DEPLOYMENT_TARGET = 10.0;
				MTL_ENABLE_DEBUG_INFO = NO;
				SDKROOT = iphoneos;
				SWIFT_OPTIMIZATION_LEVEL = "-Owholemodule";
				VALIDATE_PRODUCT = YES;
			};
			name = Release;
		};
		9EC7FB2E1D8DE9210002F81D /* Debug */ = {
			isa = XCBuildConfiguration;
			baseConfigurationReference = 8C63CA56714C25DD6D433A32 /* Pods-Example.debug.xcconfig */;
			buildSettings = {
				ASSETCATALOG_COMPILER_APPICON_NAME = AppIcon;
				DEVELOPMENT_TEAM = 7T6Y9LETK9;
				INFOPLIST_FILE = Example/Info.plist;
				LD_RUNPATH_SEARCH_PATHS = "$(inherited) @executable_path/Frameworks";
				PRODUCT_BUNDLE_IDENTIFIER = com.Lova.Example;
				PRODUCT_NAME = "$(TARGET_NAME)";
				SWIFT_VERSION = 3.0;
			};
			name = Debug;
		};
		9EC7FB2F1D8DE9210002F81D /* Release */ = {
			isa = XCBuildConfiguration;
			baseConfigurationReference = FFF75523F289A286FBB99688 /* Pods-Example.release.xcconfig */;
			buildSettings = {
				ASSETCATALOG_COMPILER_APPICON_NAME = AppIcon;
				DEVELOPMENT_TEAM = 7T6Y9LETK9;
				INFOPLIST_FILE = Example/Info.plist;
				LD_RUNPATH_SEARCH_PATHS = "$(inherited) @executable_path/Frameworks";
				PRODUCT_BUNDLE_IDENTIFIER = com.Lova.Example;
				PRODUCT_NAME = "$(TARGET_NAME)";
				SWIFT_VERSION = 3.0;
			};
			name = Release;
		};
/* End XCBuildConfiguration section */

/* Begin XCConfigurationList section */
		9EC7FB161D8DE9210002F81D /* Build configuration list for PBXProject "Example" */ = {
			isa = XCConfigurationList;
			buildConfigurations = (
				9EC7FB2B1D8DE9210002F81D /* Debug */,
				9EC7FB2C1D8DE9210002F81D /* Release */,
			);
			defaultConfigurationIsVisible = 0;
			defaultConfigurationName = Release;
		};
		9EC7FB2D1D8DE9210002F81D /* Build configuration list for PBXNativeTarget "Example" */ = {
			isa = XCConfigurationList;
			buildConfigurations = (
				9EC7FB2E1D8DE9210002F81D /* Debug */,
				9EC7FB2F1D8DE9210002F81D /* Release */,
			);
			defaultConfigurationIsVisible = 0;
			defaultConfigurationName = Release;
		};
/* End XCConfigurationList section */
	};
	rootObject = 9EC7FB131D8DE9210002F81D /* Project object */;
}
